
Microsoft Visual Studio Solution File, Format Version 12.00
# Visual Studio Version 17
VisualStudioVersion = 17.2.32526.322
MinimumVisualStudioVersion = 10.0.40219.1
Project("{FAE04EC0-301F-11D3-BF4B-00C04F79EFBC}") = "Mango.Web", "Mango.Web\Mango.Web.csproj", "{FCE0BBA0-A189-40BB-BA5B-69D214EC9627}"
EndProject
Project("{2150E333-8FDC-42A3-9474-1A3956D46DE8}") = "Frontend", "Frontend", "{9BD46EEA-A750-465B-A346-469334A28B73}"
EndProject
Project("{2150E333-8FDC-42A3-9474-1A3956D46DE8}") = "Services", "Services", "{263FD5EE-076A-4FFF-8F90-DDC7F0E6029F}"
EndProject
Project("{FAE04EC0-301F-11D3-BF4B-00C04F79EFBC}") = "Mango.Services.ProductAPI", "Mango.Services.ProductAPI\Mango.Services.ProductAPI.csproj", "{E46E7545-8E29-4681-9DC1-D045419A3768}"
EndProject
Global
	GlobalSection(SolutionConfigurationPlatforms) = preSolution
		Debug|Any CPU = Debug|Any CPU
		Release|Any CPU = Release|Any CPU
	EndGlobalSection
	GlobalSection(ProjectConfigurationPlatforms) = postSolution
		{FCE0BBA0-A189-40BB-BA5B-69D214EC9627}.Debug|Any CPU.ActiveCfg = Debug|Any CPU
		{FCE0BBA0-A189-40BB-BA5B-69D214EC9627}.Debug|Any CPU.Build.0 = Debug|Any CPU
		{FCE0BBA0-A189-40BB-BA5B-69D214EC9627}.Release|Any CPU.ActiveCfg = Release|Any CPU
		{FCE0BBA0-A189-40BB-BA5B-69D214EC9627}.Release|Any CPU.Build.0 = Release|Any CPU
		{E46E7545-8E29-4681-9DC1-D045419A3768}.Debug|Any CPU.ActiveCfg = Debug|Any CPU
		{E46E7545-8E29-4681-9DC1-D045419A3768}.Debug|Any CPU.Build.0 = Debug|Any CPU
		{E46E7545-8E29-4681-9DC1-D045419A3768}.Release|Any CPU.ActiveCfg = Release|Any CPU
		{E46E7545-8E29-4681-9DC1-D045419A3768}.Release|Any CPU.Build.0 = Release|Any CPU
	EndGlobalSection
	GlobalSection(SolutionProperties) = preSolution
		HideSolutionNode = FALSE
	EndGlobalSection
	GlobalSection(NestedProjects) = preSolution
		{FCE0BBA0-A189-40BB-BA5B-69D214EC9627} = {9BD46EEA-A750-465B-A346-469334A28B73}
		{E46E7545-8E29-4681-9DC1-D045419A3768} = {263FD5EE-076A-4FFF-8F90-DDC7F0E6029F}
	EndGlobalSection
	GlobalSection(ExtensibilityGlobals) = postSolution
		SolutionGuid = {7850AAD0-FEDE-4E51-AEA5-B5897E3F81DC}
	EndGlobalSection
EndGlobal
